
Microsoft Visual Studio Solution File, Format Version 12.00
# Visual Studio 15
VisualStudioVersion = 15.0.28307.136
MinimumVisualStudioVersion = 10.0.40219.1
Project("{FAE04EC0-301F-11D3-BF4B-00C04F79EFBC}") = "DecorateCar", "DecorateCar\DecorateCar.csproj", "{980F17E0-39B0-41BF-9480-17364534811B}"
EndProject
Global
	GlobalSection(SolutionConfigurationPlatforms) = preSolution
		Debug|Any CPU = Debug|Any CPU
		Release|Any CPU = Release|Any CPU
	EndGlobalSection
	GlobalSection(ProjectConfigurationPlatforms) = postSolution
		{980F17E0-39B0-41BF-9480-17364534811B}.Debug|Any CPU.ActiveCfg = Debug|Any CPU
		{980F17E0-39B0-41BF-9480-17364534811B}.Debug|Any CPU.Build.0 = Debug|Any CPU
		{980F17E0-39B0-41BF-9480-17364534811B}.Release|Any CPU.ActiveCfg = Release|Any CPU
		{980F17E0-39B0-41BF-9480-17364534811B}.Release|Any CPU.Build.0 = Release|Any CPU
	EndGlobalSection
	GlobalSection(SolutionProperties) = preSolution
		HideSolutionNode = FALSE
	EndGlobalSection
	GlobalSection(ExtensibilityGlobals) = postSolution
		SolutionGuid = {99FFBF68-3477-4FF6-86FE-E2B2F1DD0BCD}
	EndGlobalSection
EndGlobal
